# flow-prompts.lock — SHA-256 baseline for Powehi FLOW references
# Ref: Powehi curated adaptations | format: <sha256hex>  <rel_path>

1f7e5d60194c252a6b38ba1eb78970cdf5bea2f096563c508bfad36f7e445f75  skills/seo-flow/references/bibliography.md
11927766466427a1795ad97307b333af2e0216c11df872bd656f7fe0e7bb32db  skills/seo-flow/references/flow-framework.md
a81e213515470cefa7bb133ab3cbe626872a0d48503d42fee596f2ffaafdff3e  skills/seo-flow/references/prompts/find/content-planning-for-topical-relevance-prompt.md
58c20a1ea7aa2781941639d0ec950dcc04701eb89f4b218b0722984004393fe2  skills/seo-flow/references/prompts/find/content-prioritization-prompt.md
bf485cc47d6c3a083a52ed2f43b4d0c41e51ae6443d53935f39ece2651d31f70  skills/seo-flow/references/prompts/find/keyword-research-prompt.md
b9b59943afa2a568e036b43ef8b9a283eb6437d4da45ccc3bff54c4c18c5628c  skills/seo-flow/references/prompts/find/keyword-variations-for-topical-relevance-prompt.md
50a4dc6b7320da3ec6e6ee39bd1ca2175587c63f7646623b425022ff61f3b730  skills/seo-flow/references/prompts/find/prompt-audience-avatar.md
a719a8492c917af0c1b8d86e02addcd2594afb86dc2b80d9bb6e79eadc0053cc  skills/seo-flow/references/prompts/leverage/backlink-competition-prompt.md
9f6948eeffd63ee55ee6bdca52da93d4c3f089bd4b36c11abb996bbbe9dd030b  skills/seo-flow/references/prompts/local/ai-homepage-rewrite-prompt.md
516623b613beb74bc163ae7044d58ba4f63531170774f04b266a72c82e3b160e  skills/seo-flow/references/prompts/local/claude-deep-research-prompt.md
f8d60928d917801ed4c41425c12b86573a0d5010a3c944b316a1b647bcab0d98  skills/seo-flow/references/prompts/local/gbp-categories-prompt.md
bdcffb5164b3ec7d2c5c4363e8d6c6fe14ab77d589fb9f32228254de73bc518d  skills/seo-flow/references/prompts/local/gbp-description-claude-prompt-1.md
e3e844b8ff03b7342ee621add532b5ece4d9f70d18dc85e549cce7781cb10f4f  skills/seo-flow/references/prompts/local/gbp-description-claude-prompt-2.md
d02693123b27aea01de50b51c55f639391f2c4d7fff21b9d3ca90e97739deabd  skills/seo-flow/references/prompts/local/gbp-description-claude-prompt-3.md
f82ba595be81fbc82a19fa1ba687975d35e5ef397ef9ee15076146982ce02e5d  skills/seo-flow/references/prompts/local/gbp-services-prompt.md
e1c00245f07c2d0f5dad8a4e75f1447be48580b5ad30f5aaa98e0ce2e3e07b26  skills/seo-flow/references/prompts/local/prompt-generating-a-meta-description.md
00a2d889a303a9159968ec601634bd25ea9fff442cdd98a4ff0d65c8cba5068f  skills/seo-flow/references/prompts/local/prompt-generating-a-title-tag.md
d94aafa4f707fa8b6cd444bd28263ef1ed6f5b1eef4e1da591888951c39b51b7  skills/seo-flow/references/prompts/local/prompt-rewriting-existing-homepage.md
24e14a1ec6e3b9bd07d7323beb47e716c65decb771a997697d64e42615592598  skills/seo-flow/references/prompts/local/prompt-rewriting-existing-service-page.md
b5d9fb58fd2c08cf2c85240f0ccf193f83e477c8d4bb8bc45248f4cbf7dca2de  skills/seo-flow/references/prompts/optimize/ai-detector-test-follow-up-prompt.md
2a568ddaa841de6bff406827e1c8d4f0e56e50ae753d9f94eded63f91bca884d  skills/seo-flow/references/prompts/optimize/ai-supporting-pages-rewrite-prompt.md
a24ce88ecbd60c3f60e84295bc52352f1096e37db948db6f666eac9a430ff14d  skills/seo-flow/references/prompts/optimize/basic-prompt.md
41d7ef0d098c0d9e25214436b653e3019bc4b5be4459a88b3fd2b275c3dc85b5  skills/seo-flow/references/prompts/optimize/blog-post-outline-prompt.md
bf87e3cc2049823416f63679dc192c1583fc0b675ed5757e0bcf921d933419a0  skills/seo-flow/references/prompts/optimize/blog-post-writing-prompt.md
25b7b6537ccf3163d7b7f9950b370cf58f11bc9985585be717b90911e0b2c9e0  skills/seo-flow/references/prompts/optimize/claude-prompt-1.md
4bd07effed29a3567afac21779fd3578bd3046e48bbb1a1dfc06911146fb2509  skills/seo-flow/references/prompts/optimize/claude-prompt-2.md
4b4e9c7cc3433d3c5556ad41a37be4b8ba9665c627869956379fb09d360aa8c5  skills/seo-flow/references/prompts/optimize/ctr-audit-prompt.md
92502c19a09e898e3bbc67dd2ae1a270a04e2bd7ec472a27d4af0169b4535db4  skills/seo-flow/references/prompts/optimize/follow-up-prompt-1.md
d1fae323611ed68a35fe639a6b92cd4cd0635f751ca2e12ee97bd554d3716eef  skills/seo-flow/references/prompts/optimize/follow-up-prompt-2.md
c89a67713bad0d1a9b0366ab05dc299a7f4709882f4e427c33d4089907d881f7  skills/seo-flow/references/prompts/optimize/follow-up-prompt.md
3de4166fe0c47069eb789003c0576531d6edcb3c736efb41ec0ad93383781c21  skills/seo-flow/references/prompts/optimize/paa-question-rewording-prompt.md
23ebcfb40db85a866df335ace82b8f4402efbed02003223ae16318bbae1bc40c  skills/seo-flow/references/prompts/optimize/prompt-core-30-content-audit.md
21e7942cfc395bb64625d0bcda149f94c19aa859aca420f2d321971a6d2f468d  skills/seo-flow/references/prompts/optimize/property-content-with-authority-audit-prompt.md
32cd1228f593fa205cec1c1ab87a9283e3d28bb1f90985d627e42f4fd68c9d23  skills/seo-flow/references/prompts/optimize/reddit-claude-prompt.md
dc4be9174c917b55fa9863091f64eee93eac0001c2ede84542b592c409af50a4  skills/seo-flow/references/prompts/optimize/schema-prompt-1.md
9ecb6f66688c611543764a1e4da5131ca857281800dafe42cc98a5019b4af8ea  skills/seo-flow/references/prompts/optimize/step-1-the-chatgpt-discovery-prompt.md
bd1fa605c0f4c98f22b7aa6b739809c36fa99e953060f0f1e23417cede4c45df  skills/seo-flow/references/prompts/optimize/step-2-the-follow-up-qualifying-prompt.md
4b155265c5282de22d38d80fd961ffdae5eda1ce365fe0c1d905882e871a64fc  skills/seo-flow/references/prompts/optimize/technical-audit-prompt.md
86bd650741f6a068416bcb7c7feeb461522739ee34d566e4e6807ab52dfc1a99  skills/seo-flow/references/prompts/optimize/visibility-follow-up-prompt.md
0d8c952d8690877fbfa01a76bb9d100db57ecb4fb1e4f848963069dbd8071386  skills/seo-flow/references/prompts/optimize/visiblity-prompt.md
95b2095ac4615ddc232809677df3b58a46a0f036572fb57fb3a3beaa7f39b43a  skills/seo-flow/references/prompts/README.md
26b50e2306914467d5d8bcac5ec8867b40de85baddae742557fd946f9e472562  skills/seo-flow/references/prompts/win/bofu-page-brief-generator.md
a9def7cdca476cee3a052d201b77ceed2d742f9fd8a8fd8ea07fa9e82b944c21  skills/seo-flow/references/prompts/win/conversion-audit-prompt.md
3da4503c4dac2b8fd26af9c1f3ca8d74438bc0b25c0b5ba1b8474358a4a4f987  skills/seo-flow/references/prompts/win/dual-surface-content-scorecard.md
